
Microsoft Visual Studio Solution File, Format Version 12.00
# Visual Studio Version 17
VisualStudioVersion = 17.12.35527.113 d17.12
MinimumVisualStudioVersion = 10.0.40219.1
Project("{FAE04EC0-301F-11D3-BF4B-00C04F79EFBC}") = "ssprokofeva_dz_6", "ssprokofeva_dz_6\ssprokofeva_dz_6.csproj", "{7B15AB95-6DA2-4FCA-B6C5-5D126071B9F6}"
EndProject
Project("{FAE04EC0-301F-11D3-BF4B-00C04F79EFBC}") = "tumakov", "tumakov\tumakov.csproj", "{FBB331DE-7FBF-4BEB-9F61-E5D196914788}"
EndProject
Global
	GlobalSection(SolutionConfigurationPlatforms) = preSolution
		Debug|Any CPU = Debug|Any CPU
		Release|Any CPU = Release|Any CPU
	EndGlobalSection
	GlobalSection(ProjectConfigurationPlatforms) = postSolution
		{7B15AB95-6DA2-4FCA-B6C5-5D126071B9F6}.Debug|Any CPU.ActiveCfg = Debug|Any CPU
		{7B15AB95-6DA2-4FCA-B6C5-5D126071B9F6}.Debug|Any CPU.Build.0 = Debug|Any CPU
		{7B15AB95-6DA2-4FCA-B6C5-5D126071B9F6}.Release|Any CPU.ActiveCfg = Release|Any CPU
		{7B15AB95-6DA2-4FCA-B6C5-5D126071B9F6}.Release|Any CPU.Build.0 = Release|Any CPU
		{FBB331DE-7FBF-4BEB-9F61-E5D196914788}.Debug|Any CPU.ActiveCfg = Debug|Any CPU
		{FBB331DE-7FBF-4BEB-9F61-E5D196914788}.Debug|Any CPU.Build.0 = Debug|Any CPU
		{FBB331DE-7FBF-4BEB-9F61-E5D196914788}.Release|Any CPU.ActiveCfg = Release|Any CPU
		{FBB331DE-7FBF-4BEB-9F61-E5D196914788}.Release|Any CPU.Build.0 = Release|Any CPU
	EndGlobalSection
	GlobalSection(SolutionProperties) = preSolution
		HideSolutionNode = FALSE
	EndGlobalSection
EndGlobal
